
Microsoft Visual Studio Solution File, Format Version 12.00
# Visual Studio Version 17
VisualStudioVersion = 17.5.002.0
MinimumVisualStudioVersion = 10.0.40219.1
Project("{9A19103F-16F7-4668-BE54-9A1E7A4F7556}") = "AToThePowerOfB", "AToThePowerOfB.csproj", "{FD031858-CEE8-4EA6-8BF8-EEB1999DBBAD}"
EndProject
Global
	GlobalSection(SolutionConfigurationPlatforms) = preSolution
		Debug|Any CPU = Debug|Any CPU
		Release|Any CPU = Release|Any CPU
	EndGlobalSection
	GlobalSection(ProjectConfigurationPlatforms) = postSolution
		{FD031858-CEE8-4EA6-8BF8-EEB1999DBBAD}.Debug|Any CPU.ActiveCfg = Debug|Any CPU
		{FD031858-CEE8-4EA6-8BF8-EEB1999DBBAD}.Debug|Any CPU.Build.0 = Debug|Any CPU
		{FD031858-CEE8-4EA6-8BF8-EEB1999DBBAD}.Release|Any CPU.ActiveCfg = Release|Any CPU
		{FD031858-CEE8-4EA6-8BF8-EEB1999DBBAD}.Release|Any CPU.Build.0 = Release|Any CPU
	EndGlobalSection
	GlobalSection(SolutionProperties) = preSolution
		HideSolutionNode = FALSE
	EndGlobalSection
	GlobalSection(ExtensibilityGlobals) = postSolution
		SolutionGuid = {B6F3ACFA-4D38-439D-94E4-2458A3434470}
	EndGlobalSection
EndGlobal
